
Microsoft Visual Studio Solution File, Format Version 12.00
# Visual Studio Version 17
VisualStudioVersion = 17.14.36408.4 d17.14
MinimumVisualStudioVersion = 10.0.40219.1
Project("{FAE04EC0-301F-11D3-BF4B-00C04F79EFBC}") = "BlazorCity", "BlazorCity.csproj", "{33235295-7410-1635-C118-2DF51C406E08}"
EndProject
Global
	GlobalSection(SolutionConfigurationPlatforms) = preSolution
		Debug|Any CPU = Debug|Any CPU
		Release|Any CPU = Release|Any CPU
	EndGlobalSection
	GlobalSection(ProjectConfigurationPlatforms) = postSolution
		{33235295-7410-1635-C118-2DF51C406E08}.Debug|Any CPU.ActiveCfg = Debug|Any CPU
		{33235295-7410-1635-C118-2DF51C406E08}.Debug|Any CPU.Build.0 = Debug|Any CPU
		{33235295-7410-1635-C118-2DF51C406E08}.Release|Any CPU.ActiveCfg = Release|Any CPU
		{33235295-7410-1635-C118-2DF51C406E08}.Release|Any CPU.Build.0 = Release|Any CPU
	EndGlobalSection
	GlobalSection(SolutionProperties) = preSolution
		HideSolutionNode = FALSE
	EndGlobalSection
	GlobalSection(ExtensibilityGlobals) = postSolution
		SolutionGuid = {B8F45AC7-87A9-4246-A1E4-B0705ED1EA15}
	EndGlobalSection
EndGlobal
